// !$*UTF8*$!
{
	archiveVersion = 1;
	classes = {
	};
	objectVersion = 50;
	objects = {

/* Begin PBXBuildFile section */
		B34CE40B223A067B005104E5 /* AppDelegate.swift in Sources */ = {isa = PBXBuildFile; fileRef = B34CE40A223A067B005104E5 /* AppDelegate.swift */; };
		B34CE410223A067B005104E5 /* Main.storyboard in Resources */ = {isa = PBXBuildFile; fileRef = B34CE40E223A067B005104E5 /* Main.storyboard */; };
		B34CE412223A067D005104E5 /* Assets.xcassets in Resources */ = {isa = PBXBuildFile; fileRef = B34CE411223A067D005104E5 /* Assets.xcassets */; };
		B34CE415223A067D005104E5 /* LaunchScreen.storyboard in Resources */ = {isa = PBXBuildFile; fileRef = B34CE413223A067D005104E5 /* LaunchScreen.storyboard */; };
		B34CE420223A067D005104E5 /* TheMovieDBTests.swift in Sources */ = {isa = PBXBuildFile; fileRef = B34CE41F223A067D005104E5 /* TheMovieDBTests.swift */; };
		B34CE42B223A067D005104E5 /* TheMovieDBUITests.swift in Sources */ = {isa = PBXBuildFile; fileRef = B34CE42A223A067D005104E5 /* TheMovieDBUITests.swift */; };
		B34CE43A223A0A5F005104E5 /* MovieListViewController.swift in Sources */ = {isa = PBXBuildFile; fileRef = B34CE439223A0A5F005104E5 /* MovieListViewController.swift */; };
		B34CE43C223A0C03005104E5 /* MoviesManager.swift in Sources */ = {isa = PBXBuildFile; fileRef = B34CE43B223A0C03005104E5 /* MoviesManager.swift */; };
		B3987CAA224B136F00CC0E12 /* ModelStructures.swift in Sources */ = {isa = PBXBuildFile; fileRef = B3987CA9224B136F00CC0E12 /* ModelStructures.swift */; };
		B3987CAE224B14E500CC0E12 /* MovieListCell.swift in Sources */ = {isa = PBXBuildFile; fileRef = B3987CAD224B14E500CC0E12 /* MovieListCell.swift */; };
		B3987CAF224B14E500CC0E12 /* MovieListCell.swift in Sources */ = {isa = PBXBuildFile; fileRef = B3987CAD224B14E500CC0E12 /* MovieListCell.swift */; };
		B3987CB0224B14E500CC0E12 /* MovieListCell.swift in Sources */ = {isa = PBXBuildFile; fileRef = B3987CAD224B14E500CC0E12 /* MovieListCell.swift */; };
		B3987CB2224B151700CC0E12 /* MovieDetailView.swift in Sources */ = {isa = PBXBuildFile; fileRef = B3987CB1224B151700CC0E12 /* MovieDetailView.swift */; };
		B3987CB3224B151700CC0E12 /* MovieDetailView.swift in Sources */ = {isa = PBXBuildFile; fileRef = B3987CB1224B151700CC0E12 /* MovieDetailView.swift */; };
		B3987CB4224B151700CC0E12 /* MovieDetailView.swift in Sources */ = {isa = PBXBuildFile; fileRef = B3987CB1224B151700CC0E12 /* MovieDetailView.swift */; };
/* End PBXBuildFile section */

/* Begin PBXContainerItemProxy section */
		B34CE41C223A067D005104E5 /* PBXContainerItemProxy */ = {
			isa = PBXContainerItemProxy;
			containerPortal = B34CE3FF223A067B005104E5 /* Project object */;
			proxyType = 1;
			remoteGlobalIDString = B34CE406223A067B005104E5;
			remoteInfo = TheMovieDB;
		};
		B34CE427223A067D005104E5 /* PBXContainerItemProxy */ = {
			isa = PBXContainerItemProxy;
			containerPortal = B34CE3FF223A067B005104E5 /* Project object */;
			proxyType = 1;
			remoteGlobalIDString = B34CE406223A067B005104E5;
			remoteInfo = TheMovieDB;
		};
/* End PBXContainerItemProxy section */

/* Begin PBXFileReference section */
		B34CE407223A067B005104E5 /* TheMovieDB.app */ = {isa = PBXFileReference; explicitFileType = wrapper.application; includeInIndex = 0; path = TheMovieDB.app; sourceTree = BUILT_PRODUCTS_DIR; };
		B34CE40A223A067B005104E5 /* AppDelegate.swift */ = {isa = PBXFileReference; lastKnownFileType = sourcecode.swift; path = AppDelegate.swift; sourceTree = "<group>"; };
		B34CE40F223A067B005104E5 /* Base */ = {isa = PBXFileReference; lastKnownFileType = file.storyboard; name = Base; path = Base.lproj/Main.storyboard; sourceTree = "<group>"; };
		B34CE411223A067D005104E5 /* Assets.xcassets */ = {isa = PBXFileReference; lastKnownFileType = folder.assetcatalog; path = Assets.xcassets; sourceTree = "<group>"; };
		B34CE414223A067D005104E5 /* Base */ = {isa = PBXFileReference; lastKnownFileType = file.storyboard; name = Base; path = Base.lproj/LaunchScreen.storyboard; sourceTree = "<group>"; };
		B34CE416223A067D005104E5 /* Info.plist */ = {isa = PBXFileReference; lastKnownFileType = text.plist.xml; path = Info.plist; sourceTree = "<group>"; };
		B34CE41B223A067D005104E5 /* TheMovieDBTests.xctest */ = {isa = PBXFileReference; explicitFileType = wrapper.cfbundle; includeInIndex = 0; path = TheMovieDBTests.xctest; sourceTree = BUILT_PRODUCTS_DIR; };
		B34CE41F223A067D005104E5 /* TheMovieDBTests.swift */ = {isa = PBXFileReference; lastKnownFileType = sourcecode.swift; path = TheMovieDBTests.swift; sourceTree = "<group>"; };
		B34CE421223A067D005104E5 /* Info.plist */ = {isa = PBXFileReference; lastKnownFileType = text.plist.xml; path = Info.plist; sourceTree = "<group>"; };
		B34CE426223A067D005104E5 /* TheMovieDBUITests.xctest */ = {isa = PBXFileReference; explicitFileType = wrapper.cfbundle; includeInIndex = 0; path = TheMovieDBUITests.xctest; sourceTree = BUILT_PRODUCTS_DIR; };
		B34CE42A223A067D005104E5 /* TheMovieDBUITests.swift */ = {isa = PBXFileReference; lastKnownFileType = sourcecode.swift; path = TheMovieDBUITests.swift; sourceTree = "<group>"; };
		B34CE42C223A067D005104E5 /* Info.plist */ = {isa = PBXFileReference; lastKnownFileType = text.plist.xml; path = Info.plist; sourceTree = "<group>"; };
		B34CE439223A0A5F005104E5 /* MovieListViewController.swift */ = {isa = PBXFileReference; lastKnownFileType = sourcecode.swift; path = MovieListViewController.swift; sourceTree = "<group>"; };
		B34CE43B223A0C03005104E5 /* MoviesManager.swift */ = {isa = PBXFileReference; lastKnownFileType = sourcecode.swift; path = MoviesManager.swift; sourceTree = "<group>"; };
		B3987CA9224B136F00CC0E12 /* ModelStructures.swift */ = {isa = PBXFileReference; lastKnownFileType = sourcecode.swift; path = ModelStructures.swift; sourceTree = "<group>"; };
		B3987CAD224B14E500CC0E12 /* MovieListCell.swift */ = {isa = PBXFileReference; lastKnownFileType = sourcecode.swift; path = MovieListCell.swift; sourceTree = "<group>"; };
		B3987CB1224B151700CC0E12 /* MovieDetailView.swift */ = {isa = PBXFileReference; lastKnownFileType = sourcecode.swift; path = MovieDetailView.swift; sourceTree = "<group>"; };
/* End PBXFileReference section */

/* Begin PBXFrameworksBuildPhase section */
		B34CE404223A067B005104E5 /* Frameworks */ = {
			isa = PBXFrameworksBuildPhase;
			buildActionMask = 2147483647;
			files = (
			);
			runOnlyForDeploymentPostprocessing = 0;
		};
		B34CE418223A067D005104E5 /* Frameworks */ = {
			isa = PBXFrameworksBuildPhase;
			buildActionMask = 2147483647;
			files = (
			);
			runOnlyForDeploymentPostprocessing = 0;
		};
		B34CE423223A067D005104E5 /* Frameworks */ = {
			isa = PBXFrameworksBuildPhase;
			buildActionMask = 2147483647;
			files = (
			);
			runOnlyForDeploymentPostprocessing = 0;
		};
/* End PBXFrameworksBuildPhase section */

/* Begin PBXGroup section */
		B34CE3FE223A067B005104E5 = {
			isa = PBXGroup;
			children = (
				B34CE409223A067B005104E5 /* TheMovieDB */,
				B34CE41E223A067D005104E5 /* TheMovieDBTests */,
				B34CE429223A067D005104E5 /* TheMovieDBUITests */,
				B34CE408223A067B005104E5 /* Products */,
			);
			sourceTree = "<group>";
		};
		B34CE408223A067B005104E5 /* Products */ = {
			isa = PBXGroup;
			children = (
				B34CE407223A067B005104E5 /* TheMovieDB.app */,
				B34CE41B223A067D005104E5 /* TheMovieDBTests.xctest */,
				B34CE426223A067D005104E5 /* TheMovieDBUITests.xctest */,
			);
			name = Products;
			sourceTree = "<group>";
		};
		B34CE409223A067B005104E5 /* TheMovieDB */ = {
			isa = PBXGroup;
			children = (
				B34CE40A223A067B005104E5 /* AppDelegate.swift */,
				B34CE438223A0A0C005104E5 /* Support Files */,
				B3987CAB224B14A300CC0E12 /* Model */,
				B3987CAC224B14AC00CC0E12 /* Views */,
			);
			path = TheMovieDB;
			sourceTree = "<group>";
		};
		B34CE41E223A067D005104E5 /* TheMovieDBTests */ = {
			isa = PBXGroup;
			children = (
				B34CE41F223A067D005104E5 /* TheMovieDBTests.swift */,
				B34CE421223A067D005104E5 /* Info.plist */,
			);
			path = TheMovieDBTests;
			sourceTree = "<group>";
		};
		B34CE429223A067D005104E5 /* TheMovieDBUITests */ = {
			isa = PBXGroup;
			children = (
				B34CE42A223A067D005104E5 /* TheMovieDBUITests.swift */,
				B34CE42C223A067D005104E5 /* Info.plist */,
			);
			path = TheMovieDBUITests;
			sourceTree = "<group>";
		};
		B34CE438223A0A0C005104E5 /* Support Files */ = {
			isa = PBXGroup;
			children = (
				B34CE411223A067D005104E5 /* Assets.xcassets */,
				B34CE413223A067D005104E5 /* LaunchScreen.storyboard */,
				B34CE416223A067D005104E5 /* Info.plist */,
			);
			path = "Support Files";
			sourceTree = "<group>";
		};
		B3987CAB224B14A300CC0E12 /* Model */ = {
			isa = PBXGroup;
			children = (
				B34CE43B223A0C03005104E5 /* MoviesManager.swift */,
				B3987CA9224B136F00CC0E12 /* ModelStructures.swift */,
			);
			path = Model;
			sourceTree = "<group>";
		};
		B3987CAC224B14AC00CC0E12 /* Views */ = {
			isa = PBXGroup;
			children = (
				B34CE40E223A067B005104E5 /* Main.storyboard */,
				B34CE439223A0A5F005104E5 /* MovieListViewController.swift */,
				B3987CAD224B14E500CC0E12 /* MovieListCell.swift */,
				B3987CB1224B151700CC0E12 /* MovieDetailView.swift */,
			);
			path = Views;
			sourceTree = "<group>";
		};
/* End PBXGroup section */

/* Begin PBXNativeTarget section */
		B34CE406223A067B005104E5 /* TheMovieDB */ = {
			isa = PBXNativeTarget;
			buildConfigurationList = B34CE42F223A067D005104E5 /* Build configuration list for PBXNativeTarget "TheMovieDB" */;
			buildPhases = (
				B34CE403223A067B005104E5 /* Sources */,
				B34CE404223A067B005104E5 /* Frameworks */,
				B34CE405223A067B005104E5 /* Resources */,
			);
			buildRules = (
			);
			dependencies = (
			);
			name = TheMovieDB;
			productName = TheMovieDB;
			productReference = B34CE407223A067B005104E5 /* TheMovieDB.app */;
			productType = "com.apple.product-type.application";
		};
		B34CE41A223A067D005104E5 /* TheMovieDBTests */ = {
			isa = PBXNativeTarget;
			buildConfigurationList = B34CE432223A067D005104E5 /* Build configuration list for PBXNativeTarget "TheMovieDBTests" */;
			buildPhases = (
				B34CE417223A067D005104E5 /* Sources */,
				B34CE418223A067D005104E5 /* Frameworks */,
				B34CE419223A067D005104E5 /* Resources */,
			);
			buildRules = (
			);
			dependencies = (
				B34CE41D223A067D005104E5 /* PBXTargetDependency */,
			);
			name = TheMovieDBTests;
			productName = TheMovieDBTests;
			productReference = B34CE41B223A067D005104E5 /* TheMovieDBTests.xctest */;
			productType = "com.apple.product-type.bundle.unit-test";
		};
		B34CE425223A067D005104E5 /* TheMovieDBUITests */ = {
			isa = PBXNativeTarget;
			buildConfigurationList = B34CE435223A067D005104E5 /* Build configuration list for PBXNativeTarget "TheMovieDBUITests" */;
			buildPhases = (
				B34CE422223A067D005104E5 /* Sources */,
				B34CE423223A067D005104E5 /* Frameworks */,
				B34CE424223A067D005104E5 /* Resources */,
			);
			buildRules = (
			);
			dependencies = (
				B34CE428223A067D005104E5 /* PBXTargetDependency */,
			);
			name = TheMovieDBUITests;
			productName = TheMovieDBUITests;
			productReference = B34CE426223A067D005104E5 /* TheMovieDBUITests.xctest */;
			productType = "com.apple.product-type.bundle.ui-testing";
		};
/* End PBXNativeTarget section */

/* Begin PBXProject section */
		B34CE3FF223A067B005104E5 /* Project object */ = {
			isa = PBXProject;
			attributes = {
				LastSwiftUpdateCheck = 1010;
				LastUpgradeCheck = 1010;
				ORGANIZATIONNAME = Cencosud;
				TargetAttributes = {
					B34CE406223A067B005104E5 = {
						CreatedOnToolsVersion = 10.1;
					};
					B34CE41A223A067D005104E5 = {
						CreatedOnToolsVersion = 10.1;
						TestTargetID = B34CE406223A067B005104E5;
					};
					B34CE425223A067D005104E5 = {
						CreatedOnToolsVersion = 10.1;
						TestTargetID = B34CE406223A067B005104E5;
					};
				};
			};
			buildConfigurationList = B34CE402223A067B005104E5 /* Build configuration list for PBXProject "TheMovieDB" */;
			compatibilityVersion = "Xcode 9.3";
			developmentRegion = en;
			hasScannedForEncodings = 0;
			knownRegions = (
				en,
				Base,
			);
			mainGroup = B34CE3FE223A067B005104E5;
			productRefGroup = B34CE408223A067B005104E5 /* Products */;
			projectDirPath = "";
			projectRoot = "";
			targets = (
				B34CE406223A067B005104E5 /* TheMovieDB */,
				B34CE41A223A067D005104E5 /* TheMovieDBTests */,
				B34CE425223A067D005104E5 /* TheMovieDBUITests */,
			);
		};
/* End PBXProject section */

/* Begin PBXResourcesBuildPhase section */
		B34CE405223A067B005104E5 /* Resources */ = {
			isa = PBXResourcesBuildPhase;
			buildActionMask = 2147483647;
			files = (
				B34CE415223A067D005104E5 /* LaunchScreen.storyboard in Resources */,
				B34CE412223A067D005104E5 /* Assets.xcassets in Resources */,
				B34CE410223A067B005104E5 /* Main.storyboard in Resources */,
			);
			runOnlyForDeploymentPostprocessing = 0;
		};
		B34CE419223A067D005104E5 /* Resources */ = {
			isa = PBXResourcesBuildPhase;
			buildActionMask = 2147483647;
			files = (
			);
			runOnlyForDeploymentPostprocessing = 0;
		};
		B34CE424223A067D005104E5 /* Resources */ = {
			isa = PBXResourcesBuildPhase;
			buildActionMask = 2147483647;
			files = (
			);
			runOnlyForDeploymentPostprocessing = 0;
		};
/* End PBXResourcesBuildPhase section */

/* Begin PBXSourcesBuildPhase section */
		B34CE403223A067B005104E5 /* Sources */ = {
			isa = PBXSourcesBuildPhase;
			buildActionMask = 2147483647;
			files = (
				B3987CB2224B151700CC0E12 /* MovieDetailView.swift in Sources */,
				B3987CAE224B14E500CC0E12 /* MovieListCell.swift in Sources */,
				B34CE43C223A0C03005104E5 /* MoviesManager.swift in Sources */,
				B3987CAA224B136F00CC0E12 /* ModelStructures.swift in Sources */,
				B34CE43A223A0A5F005104E5 /* MovieListViewController.swift in Sources */,
				B34CE40B223A067B005104E5 /* AppDelegate.swift in Sources */,
			);
			runOnlyForDeploymentPostprocessing = 0;
		};
		B34CE417223A067D005104E5 /* Sources */ = {
			isa = PBXSourcesBuildPhase;
			buildActionMask = 2147483647;
			files = (
				B3987CB3224B151700CC0E12 /* MovieDetailView.swift in Sources */,
				B3987CAF224B14E500CC0E12 /* MovieListCell.swift in Sources */,
				B34CE420223A067D005104E5 /* TheMovieDBTests.swift in Sources */,
			);
			runOnlyForDeploymentPostprocessing = 0;
		};
		B34CE422223A067D005104E5 /* Sources */ = {
			isa = PBXSourcesBuildPhase;
			buildActionMask = 2147483647;
			files = (
				B3987CB4224B151700CC0E12 /* MovieDetailView.swift in Sources */,
				B3987CB0224B14E500CC0E12 /* MovieListCell.swift in Sources */,
				B34CE42B223A067D005104E5 /* TheMovieDBUITests.swift in Sources */,
			);
			runOnlyForDeploymentPostprocessing = 0;
		};
/* End PBXSourcesBuildPhase section */

/* Begin PBXTargetDependency section */
		B34CE41D223A067D005104E5 /* PBXTargetDependency */ = {
			isa = PBXTargetDependency;
			target = B34CE406223A067B005104E5 /* TheMovieDB */;
			targetProxy = B34CE41C223A067D005104E5 /* PBXContainerItemProxy */;
		};
		B34CE428223A067D005104E5 /* PBXTargetDependency */ = {
			isa = PBXTargetDependency;
			target = B34CE406223A067B005104E5 /* TheMovieDB */;
			targetProxy = B34CE427223A067D005104E5 /* PBXContainerItemProxy */;
		};
/* End PBXTargetDependency section */

/* Begin PBXVariantGroup section */
		B34CE40E223A067B005104E5 /* Main.storyboard */ = {
			isa = PBXVariantGroup;
			children = (
				B34CE40F223A067B005104E5 /* Base */,
			);
			name = Main.storyboard;
			sourceTree = "<group>";
		};
		B34CE413223A067D005104E5 /* LaunchScreen.storyboard */ = {
			isa = PBXVariantGroup;
			children = (
				B34CE414223A067D005104E5 /* Base */,
			);
			name = LaunchScreen.storyboard;
			sourceTree = "<group>";
		};
/* End PBXVariantGroup section */

/* Begin XCBuildConfiguration section */
		B34CE42D223A067D005104E5 /* Debug */ = {
			isa = XCBuildConfiguration;
			buildSettings = {
				ALWAYS_SEARCH_USER_PATHS = NO;
				CLANG_ANALYZER_NONNULL = YES;
				CLANG_ANALYZER_NUMBER_OBJECT_CONVERSION = YES_AGGRESSIVE;
				CLANG_CXX_LANGUAGE_STANDARD = "gnu++14";
				CLANG_CXX_LIBRARY = "libc++";
				CLANG_ENABLE_MODULES = YES;
				CLANG_ENABLE_OBJC_ARC = YES;
				CLANG_ENABLE_OBJC_WEAK = YES;
				CLANG_WARN_BLOCK_CAPTURE_AUTORELEASING = YES;
				CLANG_WARN_BOOL_CONVERSION = YES;
				CLANG_WARN_COMMA = YES;
				CLANG_WARN_CONSTANT_CONVERSION = YES;
				CLANG_WARN_DEPRECATED_OBJC_IMPLEMENTATIONS = YES;
				CLANG_WARN_DIRECT_OBJC_ISA_USAGE = YES_ERROR;
				CLANG_WARN_DOCUMENTATION_COMMENTS = YES;
				CLANG_WARN_EMPTY_BODY = YES;
				CLANG_WARN_ENUM_CONVERSION = YES;
				CLANG_WARN_INFINITE_RECURSION = YES;
				CLANG_WARN_INT_CONVERSION = YES;
				CLANG_WARN_NON_LITERAL_NULL_CONVERSION = YES;
				CLANG_WARN_OBJC_IMPLICIT_RETAIN_SELF = YES;
				CLANG_WARN_OBJC_LITERAL_CONVERSION = YES;
				CLANG_WARN_OBJC_ROOT_CLASS = YES_ERROR;
				CLANG_WARN_RANGE_LOOP_ANALYSIS = YES;
				CLANG_WARN_STRICT_PROTOTYPES = YES;
				CLANG_WARN_SUSPICIOUS_MOVE = YES;
				CLANG_WARN_UNGUARDED_AVAILABILITY = YES_AGGRESSIVE;
				CLANG_WARN_UNREACHABLE_CODE = YES;
				CLANG_WARN__DUPLICATE_METHOD_MATCH = YES;
				CODE_SIGN_IDENTITY = "iPhone Developer";
				COPY_PHASE_STRIP = NO;
				DEBUG_INFORMATION_FORMAT = dwarf;
				ENABLE_STRICT_OBJC_MSGSEND = YES;
				ENABLE_TESTABILITY = YES;
				GCC_C_LANGUAGE_STANDARD = gnu11;
				GCC_DYNAMIC_NO_PIC = NO;
				GCC_NO_COMMON_BLOCKS = YES;
				GCC_OPTIMIZATION_LEVEL = 0;
				GCC_PREPROCESSOR_DEFINITIONS = (
					"DEBUG=1",
					"$(inherited)",
				);
				GCC_WARN_64_TO_32_BIT_CONVERSION = YES;
				GCC_WARN_ABOUT_RETURN_TYPE = YES_ERROR;
				GCC_WARN_UNDECLARED_SELECTOR = YES;
				GCC_WARN_UNINITIALIZED_AUTOS = YES_AGGRESSIVE;
				GCC_WARN_UNUSED_FUNCTION = YES;
				GCC_WARN_UNUSED_VARIABLE = YES;
				IPHONEOS_DEPLOYMENT_TARGET = 12.1;
				MTL_ENABLE_DEBUG_INFO = INCLUDE_SOURCE;
				MTL_FAST_MATH = YES;
				ONLY_ACTIVE_ARCH = YES;
				SDKROOT = iphoneos;
				SWIFT_ACTIVE_COMPILATION_CONDITIONS = DEBUG;
				SWIFT_OPTIMIZATION_LEVEL = "-Onone";
			};
			name = Debug;
		};
		B34CE42E223A067D005104E5 /* Release */ = {
			isa = XCBuildConfiguration;
			buildSettings = {
				ALWAYS_SEARCH_USER_PATHS = NO;
				CLANG_ANALYZER_NONNULL = YES;
				CLANG_ANALYZER_NUMBER_OBJECT_CONVERSION = YES_AGGRESSIVE;
				CLANG_CXX_LANGUAGE_STANDARD = "gnu++14";
				CLANG_CXX_LIBRARY = "libc++";
				CLANG_ENABLE_MODULES = YES;
				CLANG_ENABLE_OBJC_ARC = YES;
				CLANG_ENABLE_OBJC_WEAK = YES;
				CLANG_WARN_BLOCK_CAPTURE_AUTORELEASING = YES;
				CLANG_WARN_BOOL_CONVERSION = YES;
				CLANG_WARN_COMMA = YES;
				CLANG_WARN_CONSTANT_CONVERSION = YES;
				CLANG_WARN_DEPRECATED_OBJC_IMPLEMENTATIONS = YES;
				CLANG_WARN_DIRECT_OBJC_ISA_USAGE = YES_ERROR;
				CLANG_WARN_DOCUMENTATION_COMMENTS = YES;
				CLANG_WARN_EMPTY_BODY = YES;
				CLANG_WARN_ENUM_CONVERSION = YES;
				CLANG_WARN_INFINITE_RECURSION = YES;
				CLANG_WARN_INT_CONVERSION = YES;
				CLANG_WARN_NON_LITERAL_NULL_CONVERSION = YES;
				CLANG_WARN_OBJC_IMPLICIT_RETAIN_SELF = YES;
				CLANG_WARN_OBJC_LITERAL_CONVERSION = YES;
				CLANG_WARN_OBJC_ROOT_CLASS = YES_ERROR;
				CLANG_WARN_RANGE_LOOP_ANALYSIS = YES;
				CLANG_WARN_STRICT_PROTOTYPES = YES;
				CLANG_WARN_SUSPICIOUS_MOVE = YES;
				CLANG_WARN_UNGUARDED_AVAILABILITY = YES_AGGRESSIVE;
				CLANG_WARN_UNREACHABLE_CODE = YES;
				CLANG_WARN__DUPLICATE_METHOD_MATCH = YES;
				CODE_SIGN_IDENTITY = "iPhone Developer";
				COPY_PHASE_STRIP = NO;
				DEBUG_INFORMATION_FORMAT = "dwarf-with-dsym";
				ENABLE_NS_ASSERTIONS = NO;
				ENABLE_STRICT_OBJC_MSGSEND = YES;
				GCC_C_LANGUAGE_STANDARD = gnu11;
				GCC_NO_COMMON_BLOCKS = YES;
				GCC_WARN_64_TO_32_BIT_CONVERSION = YES;
				GCC_WARN_ABOUT_RETURN_TYPE = YES_ERROR;
				GCC_WARN_UNDECLARED_SELECTOR = YES;
				GCC_WARN_UNINITIALIZED_AUTOS = YES_AGGRESSIVE;
				GCC_WARN_UNUSED_FUNCTION = YES;
				GCC_WARN_UNUSED_VARIABLE = YES;
				IPHONEOS_DEPLOYMENT_TARGET = 12.1;
				MTL_ENABLE_DEBUG_INFO = NO;
				MTL_FAST_MATH = YES;
				SDKROOT = iphoneos;
				SWIFT_COMPILATION_MODE = wholemodule;
				SWIFT_OPTIMIZATION_LEVEL = "-O";
				VALIDATE_PRODUCT = YES;
			};
			name = Release;
		};
		B34CE430223A067D005104E5 /* Debug */ = {
			isa = XCBuildConfiguration;
			buildSettings = {
				ASSETCATALOG_COMPILER_APPICON_NAME = AppIcon;
				ASSETCATALOG_COMPILER_LAUNCHIMAGE_NAME = LaunchImage;
				CODE_SIGN_IDENTITY = "iPhone Developer";
				CODE_SIGN_STYLE = Automatic;
				DEVELOPMENT_TEAM = RFPC285CSM;
				INFOPLIST_FILE = "$(SRCROOT)/TheMovieDB/Support Files/Info.plist";
				LD_RUNPATH_SEARCH_PATHS = (
					"$(inherited)",
					"@executable_path/Frameworks",
				);
				PRODUCT_BUNDLE_IDENTIFIER = dev.cencosud.test.TheMovieDB;
				PRODUCT_NAME = "$(TARGET_NAME)";
				PROVISIONING_PROFILE_SPECIFIER = "";
				SWIFT_VERSION = 4.2;
				TARGETED_DEVICE_FAMILY = 1;
			};
			name = Debug;
		};
		B34CE431223A067D005104E5 /* Release */ = {
			isa = XCBuildConfiguration;
			buildSettings = {
				ASSETCATALOG_COMPILER_APPICON_NAME = AppIcon;
				ASSETCATALOG_COMPILER_LAUNCHIMAGE_NAME = LaunchImage;
				CODE_SIGN_IDENTITY = "iPhone Developer";
				CODE_SIGN_STYLE = Automatic;
				DEVELOPMENT_TEAM = RFPC285CSM;
				INFOPLIST_FILE = "$(SRCROOT)/TheMovieDB/Support Files/Info.plist";
				LD_RUNPATH_SEARCH_PATHS = (
					"$(inherited)",
					"@executable_path/Frameworks",
				);
				PRODUCT_BUNDLE_IDENTIFIER = dev.cencosud.test.TheMovieDB;
				PRODUCT_NAME = "$(TARGET_NAME)";
				PROVISIONING_PROFILE_SPECIFIER = "";
				SWIFT_VERSION = 4.2;
				TARGETED_DEVICE_FAMILY = 1;
			};
			name = Release;
		};
		B34CE433223A067D005104E5 /* Debug */ = {
			isa = XCBuildConfiguration;
			buildSettings = {
				ALWAYS_EMBED_SWIFT_STANDARD_LIBRARIES = YES;
				BUNDLE_LOADER = "$(TEST_HOST)";
				CODE_SIGN_STYLE = Automatic;
				DEVELOPMENT_TEAM = RFPC285CSM;
				INFOPLIST_FILE = TheMovieDBTests/Info.plist;
				LD_RUNPATH_SEARCH_PATHS = (
					"$(inherited)",
					"@executable_path/Frameworks",
					"@loader_path/Frameworks",
				);
				PRODUCT_BUNDLE_IDENTIFIER = dev.cencosud.test.TheMovieDBTests;
				PRODUCT_NAME = "$(TARGET_NAME)";
				SWIFT_VERSION = 4.2;
				TARGETED_DEVICE_FAMILY = "1,2";
				TEST_HOST = "$(BUILT_PRODUCTS_DIR)/TheMovieDB.app/TheMovieDB";
			};
			name = Debug;
		};
		B34CE434223A067D005104E5 /* Release */ = {
			isa = XCBuildConfiguration;
			buildSettings = {
				ALWAYS_EMBED_SWIFT_STANDARD_LIBRARIES = YES;
				BUNDLE_LOADER = "$(TEST_HOST)";
				CODE_SIGN_STYLE = Automatic;
				DEVELOPMENT_TEAM = RFPC285CSM;
				INFOPLIST_FILE = TheMovieDBTests/Info.plist;
				LD_RUNPATH_SEARCH_PATHS = (
					"$(inherited)",
					"@executable_path/Frameworks",
					"@loader_path/Frameworks",
				);
				PRODUCT_BUNDLE_IDENTIFIER = dev.cencosud.test.TheMovieDBTests;
				PRODUCT_NAME = "$(TARGET_NAME)";
				SWIFT_VERSION = 4.2;
				TARGETED_DEVICE_FAMILY = "1,2";
				TEST_HOST = "$(BUILT_PRODUCTS_DIR)/TheMovieDB.app/TheMovieDB";
			};
			name = Release;
		};
		B34CE436223A067D005104E5 /* Debug */ = {
			isa = XCBuildConfiguration;
			buildSettings = {
				ALWAYS_EMBED_SWIFT_STANDARD_LIBRARIES = YES;
				CODE_SIGN_STYLE = Automatic;
				DEVELOPMENT_TEAM = RFPC285CSM;
				INFOPLIST_FILE = TheMovieDBUITests/Info.plist;
				LD_RUNPATH_SEARCH_PATHS = (
					"$(inherited)",
					"@executable_path/Frameworks",
					"@loader_path/Frameworks",
				);
				PRODUCT_BUNDLE_IDENTIFIER = dev.cencosud.test.TheMovieDBUITests;
				PRODUCT_NAME = "$(TARGET_NAME)";
				SWIFT_VERSION = 4.2;
				TARGETED_DEVICE_FAMILY = "1,2";
				TEST_TARGET_NAME = TheMovieDB;
			};
			name = Debug;
		};
		B34CE437223A067D005104E5 /* Release */ = {
			isa = XCBuildConfiguration;
			buildSettings = {
				ALWAYS_EMBED_SWIFT_STANDARD_LIBRARIES = YES;
				CODE_SIGN_STYLE = Automatic;
				DEVELOPMENT_TEAM = RFPC285CSM;
				INFOPLIST_FILE = TheMovieDBUITests/Info.plist;
				LD_RUNPATH_SEARCH_PATHS = (
					"$(inherited)",
					"@executable_path/Frameworks",
					"@loader_path/Frameworks",
				);
				PRODUCT_BUNDLE_IDENTIFIER = dev.cencosud.test.TheMovieDBUITests;
				PRODUCT_NAME = "$(TARGET_NAME)";
				SWIFT_VERSION = 4.2;
				TARGETED_DEVICE_FAMILY = "1,2";
				TEST_TARGET_NAME = TheMovieDB;
			};
			name = Release;
		};
/* End XCBuildConfiguration section */

/* Begin XCConfigurationList section */
		B34CE402223A067B005104E5 /* Build configuration list for PBXProject "TheMovieDB" */ = {
			isa = XCConfigurationList;
			buildConfigurations = (
				B34CE42D223A067D005104E5 /* Debug */,
				B34CE42E223A067D005104E5 /* Release */,
			);
			defaultConfigurationIsVisible = 0;
			defaultConfigurationName = Release;
		};
		B34CE42F223A067D005104E5 /* Build configuration list for PBXNativeTarget "TheMovieDB" */ = {
			isa = XCConfigurationList;
			buildConfigurations = (
				B34CE430223A067D005104E5 /* Debug */,
				B34CE431223A067D005104E5 /* Release */,
			);
			defaultConfigurationIsVisible = 0;
			defaultConfigurationName = Release;
		};
		B34CE432223A067D005104E5 /* Build configuration list for PBXNativeTarget "TheMovieDBTests" */ = {
			isa = XCConfigurationList;
			buildConfigurations = (
				B34CE433223A067D005104E5 /* Debug */,
				B34CE434223A067D005104E5 /* Release */,
			);
			defaultConfigurationIsVisible = 0;
			defaultConfigurationName = Release;
		};
		B34CE435223A067D005104E5 /* Build configuration list for PBXNativeTarget "TheMovieDBUITests" */ = {
			isa = XCConfigurationList;
			buildConfigurations = (
				B34CE436223A067D005104E5 /* Debug */,
				B34CE437223A067D005104E5 /* Release */,
			);
			defaultConfigurationIsVisible = 0;
			defaultConfigurationName = Release;
		};
/* End XCConfigurationList section */
	};
	rootObject = B34CE3FF223A067B005104E5 /* Project object */;
}
